
Microsoft Visual Studio Solution File, Format Version 12.00
# Visual Studio 15
Project("{FAE04EC0-301F-11D3-BF4B-00C04F79EFBC}") = "CustomTab.Android", "CustomTab.Android\CustomTab.Android.csproj", "{ECB4DB06-3E81-43C0-9BAA-09109C7190C4}"
EndProject
Project("{FAE04EC0-301F-11D3-BF4B-00C04F79EFBC}") = "CustomTab", "CustomTab\CustomTab.csproj", "{CBAC3337-3A08-4FEB-867F-EEB1F09BD07D}"
EndProject
Global
	GlobalSection(SolutionConfigurationPlatforms) = preSolution
		Debug|Any CPU = Debug|Any CPU
		Release|Any CPU = Release|Any CPU
	EndGlobalSection
	GlobalSection(ProjectConfigurationPlatforms) = postSolution
		{ECB4DB06-3E81-43C0-9BAA-09109C7190C4}.Debug|Any CPU.ActiveCfg = Debug|Any CPU
		{ECB4DB06-3E81-43C0-9BAA-09109C7190C4}.Debug|Any CPU.Build.0 = Debug|Any CPU
		{ECB4DB06-3E81-43C0-9BAA-09109C7190C4}.Release|Any CPU.ActiveCfg = Release|Any CPU
		{ECB4DB06-3E81-43C0-9BAA-09109C7190C4}.Release|Any CPU.Build.0 = Release|Any CPU
		{CBAC3337-3A08-4FEB-867F-EEB1F09BD07D}.Debug|Any CPU.ActiveCfg = Debug|Any CPU
		{CBAC3337-3A08-4FEB-867F-EEB1F09BD07D}.Debug|Any CPU.Build.0 = Debug|Any CPU
		{CBAC3337-3A08-4FEB-867F-EEB1F09BD07D}.Release|Any CPU.ActiveCfg = Release|Any CPU
		{CBAC3337-3A08-4FEB-867F-EEB1F09BD07D}.Release|Any CPU.Build.0 = Release|Any CPU
	EndGlobalSection
EndGlobal
